
Microsoft Visual Studio Solution File, Format Version 12.00
# Visual Studio 15
VisualStudioVersion = 15.0.26730.15
MinimumVisualStudioVersion = 10.0.40219.1
Project("{888888A0-9F3D-457C-B088-3A5042F75D52}") = "SemanticCompare", "SemanticCompare\SemanticCompare.pyproj", "{1F3007FF-A9F3-4ED1-B188-BC373E7BB6E4}"
EndProject
Global
	GlobalSection(SolutionConfigurationPlatforms) = preSolution
		Debug|Any CPU = Debug|Any CPU
		Release|Any CPU = Release|Any CPU
	EndGlobalSection
	GlobalSection(ProjectConfigurationPlatforms) = postSolution
		{1F3007FF-A9F3-4ED1-B188-BC373E7BB6E4}.Debug|Any CPU.ActiveCfg = Debug|Any CPU
		{1F3007FF-A9F3-4ED1-B188-BC373E7BB6E4}.Release|Any CPU.ActiveCfg = Release|Any CPU
	EndGlobalSection
	GlobalSection(SolutionProperties) = preSolution
		HideSolutionNode = FALSE
	EndGlobalSection
	GlobalSection(ExtensibilityGlobals) = postSolution
		SolutionGuid = {9F19D14B-9420-4A99-84AF-E74A5D8CD91C}
	EndGlobalSection
EndGlobal
