
Microsoft Visual Studio Solution File, Format Version 12.00
# Visual Studio 15
VisualStudioVersion = 15.0.26730.15
MinimumVisualStudioVersion = 10.0.40219.1
Project("{888888A0-9F3D-457C-B088-3A5042F75D52}") = "SemanticCompare", "SemanticCompare\SemanticCompare.pyproj", "{1F3007FF-A9F3-4ED1-B188-BC373E7BB6E4}"
EndProject
Project("{8BC9CEB8-8B4A-11D0-8D11-00A0C91BC942}") = "SemanticCompareCpp", "SemanticCompareCpp\SemanticCompareCpp.vcxproj", "{90D04BC0-A940-44D7-9DEA-1B62D34534F3}"
EndProject
Global
	GlobalSection(SolutionConfigurationPlatforms) = preSolution
		ChipCryptDebug|Any CPU = ChipCryptDebug|Any CPU
		ChipCryptDebug|x64 = ChipCryptDebug|x64
		ChipCryptDebug|x86 = ChipCryptDebug|x86
		ChipCryptDebugNeon|Any CPU = ChipCryptDebugNeon|Any CPU
		ChipCryptDebugNeon|x64 = ChipCryptDebugNeon|x64
		ChipCryptDebugNeon|x86 = ChipCryptDebugNeon|x86
		ChipCryptRelease|Any CPU = ChipCryptRelease|Any CPU
		ChipCryptRelease|x64 = ChipCryptRelease|x64
		ChipCryptRelease|x86 = ChipCryptRelease|x86
		ChipCryptReleaseNeon|Any CPU = ChipCryptReleaseNeon|Any CPU
		ChipCryptReleaseNeon|x64 = ChipCryptReleaseNeon|x64
		ChipCryptReleaseNeon|x86 = ChipCryptReleaseNeon|x86
		Debug|Any CPU = Debug|Any CPU
		Debug|x64 = Debug|x64
		Debug|x86 = Debug|x86
		DebugNeon|Any CPU = DebugNeon|Any CPU
		DebugNeon|x64 = DebugNeon|x64
		DebugNeon|x86 = DebugNeon|x86
		HardwareEncryptionDebug|Any CPU = HardwareEncryptionDebug|Any CPU
		HardwareEncryptionDebug|x64 = HardwareEncryptionDebug|x64
		HardwareEncryptionDebug|x86 = HardwareEncryptionDebug|x86
		HardwareEncryptionDebugNeon|Any CPU = HardwareEncryptionDebugNeon|Any CPU
		HardwareEncryptionDebugNeon|x64 = HardwareEncryptionDebugNeon|x64
		HardwareEncryptionDebugNeon|x86 = HardwareEncryptionDebugNeon|x86
		HardwareEncryptionRelease|Any CPU = HardwareEncryptionRelease|Any CPU
		HardwareEncryptionRelease|x64 = HardwareEncryptionRelease|x64
		HardwareEncryptionRelease|x86 = HardwareEncryptionRelease|x86
		HardwareEncryptionReleaseNeon|Any CPU = HardwareEncryptionReleaseNeon|Any CPU
		HardwareEncryptionReleaseNeon|x64 = HardwareEncryptionReleaseNeon|x64
		HardwareEncryptionReleaseNeon|x86 = HardwareEncryptionReleaseNeon|x86
		Intel_SSA|Any CPU = Intel_SSA|Any CPU
		Intel_SSA|x64 = Intel_SSA|x64
		Intel_SSA|x86 = Intel_SSA|x86
		Release|Any CPU = Release|Any CPU
		Release|x64 = Release|x64
		Release|x86 = Release|x86
		ReleaseNeon|Any CPU = ReleaseNeon|Any CPU
		ReleaseNeon|x64 = ReleaseNeon|x64
		ReleaseNeon|x86 = ReleaseNeon|x86
		SoftwareEncryptionDebug|Any CPU = SoftwareEncryptionDebug|Any CPU
		SoftwareEncryptionDebug|x64 = SoftwareEncryptionDebug|x64
		SoftwareEncryptionDebug|x86 = SoftwareEncryptionDebug|x86
		SoftwareEncryptionDebugNeon|Any CPU = SoftwareEncryptionDebugNeon|Any CPU
		SoftwareEncryptionDebugNeon|x64 = SoftwareEncryptionDebugNeon|x64
		SoftwareEncryptionDebugNeon|x86 = SoftwareEncryptionDebugNeon|x86
		SoftwareEncryptionRelease|Any CPU = SoftwareEncryptionRelease|Any CPU
		SoftwareEncryptionRelease|x64 = SoftwareEncryptionRelease|x64
		SoftwareEncryptionRelease|x86 = SoftwareEncryptionRelease|x86
		SoftwareEncryptionReleaseNeon|Any CPU = SoftwareEncryptionReleaseNeon|Any CPU
		SoftwareEncryptionReleaseNeon|x64 = SoftwareEncryptionReleaseNeon|x64
		SoftwareEncryptionReleaseNeon|x86 = SoftwareEncryptionReleaseNeon|x86
	EndGlobalSection
	GlobalSection(ProjectConfigurationPlatforms) = postSolution
		{1F3007FF-A9F3-4ED1-B188-BC373E7BB6E4}.ChipCryptDebug|Any CPU.ActiveCfg = Debug|Any CPU
		{1F3007FF-A9F3-4ED1-B188-BC373E7BB6E4}.ChipCryptDebug|x64.ActiveCfg = Debug|Any CPU
		{1F3007FF-A9F3-4ED1-B188-BC373E7BB6E4}.ChipCryptDebug|x86.ActiveCfg = Debug|Any CPU
		{1F3007FF-A9F3-4ED1-B188-BC373E7BB6E4}.ChipCryptDebugNeon|Any CPU.ActiveCfg = Debug|Any CPU
		{1F3007FF-A9F3-4ED1-B188-BC373E7BB6E4}.ChipCryptDebugNeon|x64.ActiveCfg = Debug|Any CPU
		{1F3007FF-A9F3-4ED1-B188-BC373E7BB6E4}.ChipCryptDebugNeon|x86.ActiveCfg = Debug|Any CPU
		{1F3007FF-A9F3-4ED1-B188-BC373E7BB6E4}.ChipCryptRelease|Any CPU.ActiveCfg = Release|Any CPU
		{1F3007FF-A9F3-4ED1-B188-BC373E7BB6E4}.ChipCryptRelease|x64.ActiveCfg = Release|Any CPU
		{1F3007FF-A9F3-4ED1-B188-BC373E7BB6E4}.ChipCryptRelease|x86.ActiveCfg = Release|Any CPU
		{1F3007FF-A9F3-4ED1-B188-BC373E7BB6E4}.ChipCryptReleaseNeon|Any CPU.ActiveCfg = Release|Any CPU
		{1F3007FF-A9F3-4ED1-B188-BC373E7BB6E4}.ChipCryptReleaseNeon|x64.ActiveCfg = Release|Any CPU
		{1F3007FF-A9F3-4ED1-B188-BC373E7BB6E4}.ChipCryptReleaseNeon|x86.ActiveCfg = Release|Any CPU
		{1F3007FF-A9F3-4ED1-B188-BC373E7BB6E4}.Debug|Any CPU.ActiveCfg = Debug|Any CPU
		{1F3007FF-A9F3-4ED1-B188-BC373E7BB6E4}.Debug|x64.ActiveCfg = Debug|Any CPU
		{1F3007FF-A9F3-4ED1-B188-BC373E7BB6E4}.Debug|x86.ActiveCfg = Debug|Any CPU
		{1F3007FF-A9F3-4ED1-B188-BC373E7BB6E4}.DebugNeon|Any CPU.ActiveCfg = Debug|Any CPU
		{1F3007FF-A9F3-4ED1-B188-BC373E7BB6E4}.DebugNeon|x64.ActiveCfg = Debug|Any CPU
		{1F3007FF-A9F3-4ED1-B188-BC373E7BB6E4}.DebugNeon|x86.ActiveCfg = Debug|Any CPU
		{1F3007FF-A9F3-4ED1-B188-BC373E7BB6E4}.HardwareEncryptionDebug|Any CPU.ActiveCfg = Debug|Any CPU
		{1F3007FF-A9F3-4ED1-B188-BC373E7BB6E4}.HardwareEncryptionDebug|x64.ActiveCfg = Debug|Any CPU
		{1F3007FF-A9F3-4ED1-B188-BC373E7BB6E4}.HardwareEncryptionDebug|x86.ActiveCfg = Debug|Any CPU
		{1F3007FF-A9F3-4ED1-B188-BC373E7BB6E4}.HardwareEncryptionDebugNeon|Any CPU.ActiveCfg = Debug|Any CPU
		{1F3007FF-A9F3-4ED1-B188-BC373E7BB6E4}.HardwareEncryptionDebugNeon|x64.ActiveCfg = Debug|Any CPU
		{1F3007FF-A9F3-4ED1-B188-BC373E7BB6E4}.HardwareEncryptionDebugNeon|x86.ActiveCfg = Debug|Any CPU
		{1F3007FF-A9F3-4ED1-B188-BC373E7BB6E4}.HardwareEncryptionRelease|Any CPU.ActiveCfg = Release|Any CPU
		{1F3007FF-A9F3-4ED1-B188-BC373E7BB6E4}.HardwareEncryptionRelease|x64.ActiveCfg = Release|Any CPU
		{1F3007FF-A9F3-4ED1-B188-BC373E7BB6E4}.HardwareEncryptionRelease|x86.ActiveCfg = Release|Any CPU
		{1F3007FF-A9F3-4ED1-B188-BC373E7BB6E4}.HardwareEncryptionReleaseNeon|Any CPU.ActiveCfg = Release|Any CPU
		{1F3007FF-A9F3-4ED1-B188-BC373E7BB6E4}.HardwareEncryptionReleaseNeon|x64.ActiveCfg = Release|Any CPU
		{1F3007FF-A9F3-4ED1-B188-BC373E7BB6E4}.HardwareEncryptionReleaseNeon|x86.ActiveCfg = Release|Any CPU
		{1F3007FF-A9F3-4ED1-B188-BC373E7BB6E4}.Intel_SSA|Any CPU.ActiveCfg = Release|Any CPU
		{1F3007FF-A9F3-4ED1-B188-BC373E7BB6E4}.Intel_SSA|x64.ActiveCfg = Release|Any CPU
		{1F3007FF-A9F3-4ED1-B188-BC373E7BB6E4}.Intel_SSA|x86.ActiveCfg = Release|Any CPU
		{1F3007FF-A9F3-4ED1-B188-BC373E7BB6E4}.Release|Any CPU.ActiveCfg = Release|Any CPU
		{1F3007FF-A9F3-4ED1-B188-BC373E7BB6E4}.Release|x64.ActiveCfg = Release|Any CPU
		{1F3007FF-A9F3-4ED1-B188-BC373E7BB6E4}.Release|x86.ActiveCfg = Release|Any CPU
		{1F3007FF-A9F3-4ED1-B188-BC373E7BB6E4}.ReleaseNeon|Any CPU.ActiveCfg = Release|Any CPU
		{1F3007FF-A9F3-4ED1-B188-BC373E7BB6E4}.ReleaseNeon|x64.ActiveCfg = Release|Any CPU
		{1F3007FF-A9F3-4ED1-B188-BC373E7BB6E4}.ReleaseNeon|x86.ActiveCfg = Release|Any CPU
		{1F3007FF-A9F3-4ED1-B188-BC373E7BB6E4}.SoftwareEncryptionDebug|Any CPU.ActiveCfg = Debug|Any CPU
		{1F3007FF-A9F3-4ED1-B188-BC373E7BB6E4}.SoftwareEncryptionDebug|x64.ActiveCfg = Debug|Any CPU
		{1F3007FF-A9F3-4ED1-B188-BC373E7BB6E4}.SoftwareEncryptionDebug|x86.ActiveCfg = Debug|Any CPU
		{1F3007FF-A9F3-4ED1-B188-BC373E7BB6E4}.SoftwareEncryptionDebugNeon|Any CPU.ActiveCfg = Debug|Any CPU
		{1F3007FF-A9F3-4ED1-B188-BC373E7BB6E4}.SoftwareEncryptionDebugNeon|x64.ActiveCfg = Debug|Any CPU
		{1F3007FF-A9F3-4ED1-B188-BC373E7BB6E4}.SoftwareEncryptionDebugNeon|x86.ActiveCfg = Debug|Any CPU
		{1F3007FF-A9F3-4ED1-B188-BC373E7BB6E4}.SoftwareEncryptionRelease|Any CPU.ActiveCfg = Release|Any CPU
		{1F3007FF-A9F3-4ED1-B188-BC373E7BB6E4}.SoftwareEncryptionRelease|x64.ActiveCfg = Release|Any CPU
		{1F3007FF-A9F3-4ED1-B188-BC373E7BB6E4}.SoftwareEncryptionRelease|x86.ActiveCfg = Release|Any CPU
		{1F3007FF-A9F3-4ED1-B188-BC373E7BB6E4}.SoftwareEncryptionReleaseNeon|Any CPU.ActiveCfg = Release|Any CPU
		{1F3007FF-A9F3-4ED1-B188-BC373E7BB6E4}.SoftwareEncryptionReleaseNeon|x64.ActiveCfg = Release|Any CPU
		{1F3007FF-A9F3-4ED1-B188-BC373E7BB6E4}.SoftwareEncryptionReleaseNeon|x86.ActiveCfg = Release|Any CPU
		{90D04BC0-A940-44D7-9DEA-1B62D34534F3}.ChipCryptDebug|Any CPU.ActiveCfg = Release|x64
		{90D04BC0-A940-44D7-9DEA-1B62D34534F3}.ChipCryptDebug|Any CPU.Build.0 = Release|x64
		{90D04BC0-A940-44D7-9DEA-1B62D34534F3}.ChipCryptDebug|x64.ActiveCfg = Debug|x64
		{90D04BC0-A940-44D7-9DEA-1B62D34534F3}.ChipCryptDebug|x64.Build.0 = Debug|x64
		{90D04BC0-A940-44D7-9DEA-1B62D34534F3}.ChipCryptDebug|x86.ActiveCfg = Debug|Win32
		{90D04BC0-A940-44D7-9DEA-1B62D34534F3}.ChipCryptDebug|x86.Build.0 = Debug|Win32
		{90D04BC0-A940-44D7-9DEA-1B62D34534F3}.ChipCryptDebugNeon|Any CPU.ActiveCfg = Release|x64
		{90D04BC0-A940-44D7-9DEA-1B62D34534F3}.ChipCryptDebugNeon|Any CPU.Build.0 = Release|x64
		{90D04BC0-A940-44D7-9DEA-1B62D34534F3}.ChipCryptDebugNeon|x64.ActiveCfg = Debug|x64
		{90D04BC0-A940-44D7-9DEA-1B62D34534F3}.ChipCryptDebugNeon|x64.Build.0 = Debug|x64
		{90D04BC0-A940-44D7-9DEA-1B62D34534F3}.ChipCryptDebugNeon|x86.ActiveCfg = Debug|Win32
		{90D04BC0-A940-44D7-9DEA-1B62D34534F3}.ChipCryptDebugNeon|x86.Build.0 = Debug|Win32
		{90D04BC0-A940-44D7-9DEA-1B62D34534F3}.ChipCryptRelease|Any CPU.ActiveCfg = Release|x64
		{90D04BC0-A940-44D7-9DEA-1B62D34534F3}.ChipCryptRelease|Any CPU.Build.0 = Release|x64
		{90D04BC0-A940-44D7-9DEA-1B62D34534F3}.ChipCryptRelease|x64.ActiveCfg = Release|x64
		{90D04BC0-A940-44D7-9DEA-1B62D34534F3}.ChipCryptRelease|x64.Build.0 = Release|x64
		{90D04BC0-A940-44D7-9DEA-1B62D34534F3}.ChipCryptRelease|x86.ActiveCfg = Release|Win32
		{90D04BC0-A940-44D7-9DEA-1B62D34534F3}.ChipCryptRelease|x86.Build.0 = Release|Win32
		{90D04BC0-A940-44D7-9DEA-1B62D34534F3}.ChipCryptReleaseNeon|Any CPU.ActiveCfg = Release|x64
		{90D04BC0-A940-44D7-9DEA-1B62D34534F3}.ChipCryptReleaseNeon|Any CPU.Build.0 = Release|x64
		{90D04BC0-A940-44D7-9DEA-1B62D34534F3}.ChipCryptReleaseNeon|x64.ActiveCfg = Release|x64
		{90D04BC0-A940-44D7-9DEA-1B62D34534F3}.ChipCryptReleaseNeon|x64.Build.0 = Release|x64
		{90D04BC0-A940-44D7-9DEA-1B62D34534F3}.ChipCryptReleaseNeon|x86.ActiveCfg = Release|Win32
		{90D04BC0-A940-44D7-9DEA-1B62D34534F3}.ChipCryptReleaseNeon|x86.Build.0 = Release|Win32
		{90D04BC0-A940-44D7-9DEA-1B62D34534F3}.Debug|Any CPU.ActiveCfg = Debug|Win32
		{90D04BC0-A940-44D7-9DEA-1B62D34534F3}.Debug|x64.ActiveCfg = Debug|x64
		{90D04BC0-A940-44D7-9DEA-1B62D34534F3}.Debug|x64.Build.0 = Debug|x64
		{90D04BC0-A940-44D7-9DEA-1B62D34534F3}.Debug|x86.ActiveCfg = Debug|Win32
		{90D04BC0-A940-44D7-9DEA-1B62D34534F3}.Debug|x86.Build.0 = Debug|Win32
		{90D04BC0-A940-44D7-9DEA-1B62D34534F3}.DebugNeon|Any CPU.ActiveCfg = Release|x64
		{90D04BC0-A940-44D7-9DEA-1B62D34534F3}.DebugNeon|Any CPU.Build.0 = Release|x64
		{90D04BC0-A940-44D7-9DEA-1B62D34534F3}.DebugNeon|x64.ActiveCfg = Debug|x64
		{90D04BC0-A940-44D7-9DEA-1B62D34534F3}.DebugNeon|x64.Build.0 = Debug|x64
		{90D04BC0-A940-44D7-9DEA-1B62D34534F3}.DebugNeon|x86.ActiveCfg = Debug|Win32
		{90D04BC0-A940-44D7-9DEA-1B62D34534F3}.DebugNeon|x86.Build.0 = Debug|Win32
		{90D04BC0-A940-44D7-9DEA-1B62D34534F3}.HardwareEncryptionDebug|Any CPU.ActiveCfg = Release|x64
		{90D04BC0-A940-44D7-9DEA-1B62D34534F3}.HardwareEncryptionDebug|Any CPU.Build.0 = Release|x64
		{90D04BC0-A940-44D7-9DEA-1B62D34534F3}.HardwareEncryptionDebug|x64.ActiveCfg = Debug|x64
		{90D04BC0-A940-44D7-9DEA-1B62D34534F3}.HardwareEncryptionDebug|x64.Build.0 = Debug|x64
		{90D04BC0-A940-44D7-9DEA-1B62D34534F3}.HardwareEncryptionDebug|x86.ActiveCfg = Debug|Win32
		{90D04BC0-A940-44D7-9DEA-1B62D34534F3}.HardwareEncryptionDebug|x86.Build.0 = Debug|Win32
		{90D04BC0-A940-44D7-9DEA-1B62D34534F3}.HardwareEncryptionDebugNeon|Any CPU.ActiveCfg = Release|x64
		{90D04BC0-A940-44D7-9DEA-1B62D34534F3}.HardwareEncryptionDebugNeon|Any CPU.Build.0 = Release|x64
		{90D04BC0-A940-44D7-9DEA-1B62D34534F3}.HardwareEncryptionDebugNeon|x64.ActiveCfg = Debug|x64
		{90D04BC0-A940-44D7-9DEA-1B62D34534F3}.HardwareEncryptionDebugNeon|x64.Build.0 = Debug|x64
		{90D04BC0-A940-44D7-9DEA-1B62D34534F3}.HardwareEncryptionDebugNeon|x86.ActiveCfg = Debug|Win32
		{90D04BC0-A940-44D7-9DEA-1B62D34534F3}.HardwareEncryptionDebugNeon|x86.Build.0 = Debug|Win32
		{90D04BC0-A940-44D7-9DEA-1B62D34534F3}.HardwareEncryptionRelease|Any CPU.ActiveCfg = Release|x64
		{90D04BC0-A940-44D7-9DEA-1B62D34534F3}.HardwareEncryptionRelease|Any CPU.Build.0 = Release|x64
		{90D04BC0-A940-44D7-9DEA-1B62D34534F3}.HardwareEncryptionRelease|x64.ActiveCfg = Release|x64
		{90D04BC0-A940-44D7-9DEA-1B62D34534F3}.HardwareEncryptionRelease|x64.Build.0 = Release|x64
		{90D04BC0-A940-44D7-9DEA-1B62D34534F3}.HardwareEncryptionRelease|x86.ActiveCfg = Release|Win32
		{90D04BC0-A940-44D7-9DEA-1B62D34534F3}.HardwareEncryptionRelease|x86.Build.0 = Release|Win32
		{90D04BC0-A940-44D7-9DEA-1B62D34534F3}.HardwareEncryptionReleaseNeon|Any CPU.ActiveCfg = Release|x64
		{90D04BC0-A940-44D7-9DEA-1B62D34534F3}.HardwareEncryptionReleaseNeon|Any CPU.Build.0 = Release|x64
		{90D04BC0-A940-44D7-9DEA-1B62D34534F3}.HardwareEncryptionReleaseNeon|x64.ActiveCfg = Release|x64
		{90D04BC0-A940-44D7-9DEA-1B62D34534F3}.HardwareEncryptionReleaseNeon|x64.Build.0 = Release|x64
		{90D04BC0-A940-44D7-9DEA-1B62D34534F3}.HardwareEncryptionReleaseNeon|x86.ActiveCfg = Release|Win32
		{90D04BC0-A940-44D7-9DEA-1B62D34534F3}.HardwareEncryptionReleaseNeon|x86.Build.0 = Release|Win32
		{90D04BC0-A940-44D7-9DEA-1B62D34534F3}.Intel_SSA|Any CPU.ActiveCfg = Release|x64
		{90D04BC0-A940-44D7-9DEA-1B62D34534F3}.Intel_SSA|Any CPU.Build.0 = Release|x64
		{90D04BC0-A940-44D7-9DEA-1B62D34534F3}.Intel_SSA|x64.ActiveCfg = Release|x64
		{90D04BC0-A940-44D7-9DEA-1B62D34534F3}.Intel_SSA|x64.Build.0 = Release|x64
		{90D04BC0-A940-44D7-9DEA-1B62D34534F3}.Intel_SSA|x86.ActiveCfg = Release|Win32
		{90D04BC0-A940-44D7-9DEA-1B62D34534F3}.Intel_SSA|x86.Build.0 = Release|Win32
		{90D04BC0-A940-44D7-9DEA-1B62D34534F3}.Release|Any CPU.ActiveCfg = Release|Win32
		{90D04BC0-A940-44D7-9DEA-1B62D34534F3}.Release|x64.ActiveCfg = Release|x64
		{90D04BC0-A940-44D7-9DEA-1B62D34534F3}.Release|x64.Build.0 = Release|x64
		{90D04BC0-A940-44D7-9DEA-1B62D34534F3}.Release|x86.ActiveCfg = Release|Win32
		{90D04BC0-A940-44D7-9DEA-1B62D34534F3}.Release|x86.Build.0 = Release|Win32
		{90D04BC0-A940-44D7-9DEA-1B62D34534F3}.ReleaseNeon|Any CPU.ActiveCfg = Release|x64
		{90D04BC0-A940-44D7-9DEA-1B62D34534F3}.ReleaseNeon|Any CPU.Build.0 = Release|x64
		{90D04BC0-A940-44D7-9DEA-1B62D34534F3}.ReleaseNeon|x64.ActiveCfg = Release|x64
		{90D04BC0-A940-44D7-9DEA-1B62D34534F3}.ReleaseNeon|x64.Build.0 = Release|x64
		{90D04BC0-A940-44D7-9DEA-1B62D34534F3}.ReleaseNeon|x86.ActiveCfg = Release|Win32
		{90D04BC0-A940-44D7-9DEA-1B62D34534F3}.ReleaseNeon|x86.Build.0 = Release|Win32
		{90D04BC0-A940-44D7-9DEA-1B62D34534F3}.SoftwareEncryptionDebug|Any CPU.ActiveCfg = Release|x64
		{90D04BC0-A940-44D7-9DEA-1B62D34534F3}.SoftwareEncryptionDebug|Any CPU.Build.0 = Release|x64
		{90D04BC0-A940-44D7-9DEA-1B62D34534F3}.SoftwareEncryptionDebug|x64.ActiveCfg = Debug|x64
		{90D04BC0-A940-44D7-9DEA-1B62D34534F3}.SoftwareEncryptionDebug|x64.Build.0 = Debug|x64
		{90D04BC0-A940-44D7-9DEA-1B62D34534F3}.SoftwareEncryptionDebug|x86.ActiveCfg = Debug|Win32
		{90D04BC0-A940-44D7-9DEA-1B62D34534F3}.SoftwareEncryptionDebug|x86.Build.0 = Debug|Win32
		{90D04BC0-A940-44D7-9DEA-1B62D34534F3}.SoftwareEncryptionDebugNeon|Any CPU.ActiveCfg = Release|x64
		{90D04BC0-A940-44D7-9DEA-1B62D34534F3}.SoftwareEncryptionDebugNeon|Any CPU.Build.0 = Release|x64
		{90D04BC0-A940-44D7-9DEA-1B62D34534F3}.SoftwareEncryptionDebugNeon|x64.ActiveCfg = Debug|x64
		{90D04BC0-A940-44D7-9DEA-1B62D34534F3}.SoftwareEncryptionDebugNeon|x64.Build.0 = Debug|x64
		{90D04BC0-A940-44D7-9DEA-1B62D34534F3}.SoftwareEncryptionDebugNeon|x86.ActiveCfg = Debug|Win32
		{90D04BC0-A940-44D7-9DEA-1B62D34534F3}.SoftwareEncryptionDebugNeon|x86.Build.0 = Debug|Win32
		{90D04BC0-A940-44D7-9DEA-1B62D34534F3}.SoftwareEncryptionRelease|Any CPU.ActiveCfg = Release|x64
		{90D04BC0-A940-44D7-9DEA-1B62D34534F3}.SoftwareEncryptionRelease|Any CPU.Build.0 = Release|x64
		{90D04BC0-A940-44D7-9DEA-1B62D34534F3}.SoftwareEncryptionRelease|x64.ActiveCfg = Release|x64
		{90D04BC0-A940-44D7-9DEA-1B62D34534F3}.SoftwareEncryptionRelease|x64.Build.0 = Release|x64
		{90D04BC0-A940-44D7-9DEA-1B62D34534F3}.SoftwareEncryptionRelease|x86.ActiveCfg = Release|Win32
		{90D04BC0-A940-44D7-9DEA-1B62D34534F3}.SoftwareEncryptionRelease|x86.Build.0 = Release|Win32
		{90D04BC0-A940-44D7-9DEA-1B62D34534F3}.SoftwareEncryptionReleaseNeon|Any CPU.ActiveCfg = Release|x64
		{90D04BC0-A940-44D7-9DEA-1B62D34534F3}.SoftwareEncryptionReleaseNeon|Any CPU.Build.0 = Release|x64
		{90D04BC0-A940-44D7-9DEA-1B62D34534F3}.SoftwareEncryptionReleaseNeon|x64.ActiveCfg = Release|x64
		{90D04BC0-A940-44D7-9DEA-1B62D34534F3}.SoftwareEncryptionReleaseNeon|x64.Build.0 = Release|x64
		{90D04BC0-A940-44D7-9DEA-1B62D34534F3}.SoftwareEncryptionReleaseNeon|x86.ActiveCfg = Release|Win32
		{90D04BC0-A940-44D7-9DEA-1B62D34534F3}.SoftwareEncryptionReleaseNeon|x86.Build.0 = Release|Win32
	EndGlobalSection
	GlobalSection(SolutionProperties) = preSolution
		HideSolutionNode = FALSE
	EndGlobalSection
	GlobalSection(ExtensibilityGlobals) = postSolution
		SolutionGuid = {9F19D14B-9420-4A99-84AF-E74A5D8CD91C}
	EndGlobalSection
EndGlobal
